// !$*UTF8*$!
{
	archiveVersion = 1;
	classes = {
	};
	objectVersion = 46;
	objects = {

/* Begin PBXBuildFile section */
		A2BF2CE41D1C20C30058E00C /* main.m in Sources */ = {isa = PBXBuildFile; fileRef = A2BF2CE31D1C20C30058E00C /* main.m */; };
		A2BF2CEA1D1C20DC0058E00C /* Gun.m in Sources */ = {isa = PBXBuildFile; fileRef = A2BF2CE91D1C20DC0058E00C /* Gun.m */; };
		A2FC738B1D189967000C32E2 /* main.m in Sources */ = {isa = PBXBuildFile; fileRef = A2FC738A1D189967000C32E2 /* main.m */; };
		A2FC73931D189FA1000C32E2 /* sum.c in Sources */ = {isa = PBXBuildFile; fileRef = A2FC73911D189FA1000C32E2 /* sum.c */; };
		A2FC739B1D18A996000C32E2 /* main.m in Sources */ = {isa = PBXBuildFile; fileRef = A2FC739A1D18A996000C32E2 /* main.m */; };
		A2FC73A61D18CC58000C32E2 /* main.m in Sources */ = {isa = PBXBuildFile; fileRef = A2FC73A51D18CC58000C32E2 /* main.m */; };
		A2FC73B11D1A2838000C32E2 /* main.m in Sources */ = {isa = PBXBuildFile; fileRef = A2FC73B01D1A2838000C32E2 /* main.m */; };
		A2FC73BC1D1A4374000C32E2 /* main.m in Sources */ = {isa = PBXBuildFile; fileRef = A2FC73BB1D1A4374000C32E2 /* main.m */; };
		A2FC73C71D1A6220000C32E2 /* main.m in Sources */ = {isa = PBXBuildFile; fileRef = A2FC73C61D1A6220000C32E2 /* main.m */; };
		A2FC73D21D1A6773000C32E2 /* main.m in Sources */ = {isa = PBXBuildFile; fileRef = A2FC73D11D1A6773000C32E2 /* main.m */; };
		A2FC73DA1D1A92B3000C32E2 /* Gun.m in Sources */ = {isa = PBXBuildFile; fileRef = A2FC73D91D1A92B3000C32E2 /* Gun.m */; };
		A2FC73DD1D1A92FB000C32E2 /* Clip.m in Sources */ = {isa = PBXBuildFile; fileRef = A2FC73DC1D1A92FB000C32E2 /* Clip.m */; };
		A2FC73E01D1A93BB000C32E2 /* Soldier.m in Sources */ = {isa = PBXBuildFile; fileRef = A2FC73DF1D1A93BB000C32E2 /* Soldier.m */; };
		A2FC73E31D1A944B000C32E2 /* Shop.m in Sources */ = {isa = PBXBuildFile; fileRef = A2FC73E21D1A944B000C32E2 /* Shop.m */; };
		A2FC73EB1D1A96A1000C32E2 /* main.m in Sources */ = {isa = PBXBuildFile; fileRef = A2FC73EA1D1A96A1000C32E2 /* main.m */; };
		A2FC73F11D1A970A000C32E2 /* Person.m in Sources */ = {isa = PBXBuildFile; fileRef = A2FC73F01D1A970A000C32E2 /* Person.m */; };
		A2FC73F91D1C0D01000C32E2 /* main.m in Sources */ = {isa = PBXBuildFile; fileRef = A2FC73F81D1C0D01000C32E2 /* main.m */; };
		A2FC73FF1D1C0D4D000C32E2 /* Gun.m in Sources */ = {isa = PBXBuildFile; fileRef = A2FC73FE1D1C0D4D000C32E2 /* Gun.m */; };
/* End PBXBuildFile section */

/* Begin PBXCopyFilesBuildPhase section */
		A2BF2CDF1D1C20C30058E00C /* CopyFiles */ = {
			isa = PBXCopyFilesBuildPhase;
			buildActionMask = 2147483647;
			dstPath = /usr/share/man/man1/;
			dstSubfolderSpec = 0;
			files = (
			);
			runOnlyForDeploymentPostprocessing = 1;
		};
		A2FC73851D189967000C32E2 /* CopyFiles */ = {
			isa = PBXCopyFilesBuildPhase;
			buildActionMask = 2147483647;
			dstPath = /usr/share/man/man1/;
			dstSubfolderSpec = 0;
			files = (
			);
			runOnlyForDeploymentPostprocessing = 1;
		};
		A2FC73961D18A996000C32E2 /* CopyFiles */ = {
			isa = PBXCopyFilesBuildPhase;
			buildActionMask = 2147483647;
			dstPath = /usr/share/man/man1/;
			dstSubfolderSpec = 0;
			files = (
			);
			runOnlyForDeploymentPostprocessing = 1;
		};
		A2FC73A11D18CC58000C32E2 /* CopyFiles */ = {
			isa = PBXCopyFilesBuildPhase;
			buildActionMask = 2147483647;
			dstPath = /usr/share/man/man1/;
			dstSubfolderSpec = 0;
			files = (
			);
			runOnlyForDeploymentPostprocessing = 1;
		};
		A2FC73AC1D1A2838000C32E2 /* CopyFiles */ = {
			isa = PBXCopyFilesBuildPhase;
			buildActionMask = 2147483647;
			dstPath = /usr/share/man/man1/;
			dstSubfolderSpec = 0;
			files = (
			);
			runOnlyForDeploymentPostprocessing = 1;
		};
		A2FC73B71D1A4374000C32E2 /* CopyFiles */ = {
			isa = PBXCopyFilesBuildPhase;
			buildActionMask = 2147483647;
			dstPath = /usr/share/man/man1/;
			dstSubfolderSpec = 0;
			files = (
			);
			runOnlyForDeploymentPostprocessing = 1;
		};
		A2FC73C21D1A6220000C32E2 /* CopyFiles */ = {
			isa = PBXCopyFilesBuildPhase;
			buildActionMask = 2147483647;
			dstPath = /usr/share/man/man1/;
			dstSubfolderSpec = 0;
			files = (
			);
			runOnlyForDeploymentPostprocessing = 1;
		};
		A2FC73CD1D1A6773000C32E2 /* CopyFiles */ = {
			isa = PBXCopyFilesBuildPhase;
			buildActionMask = 2147483647;
			dstPath = /usr/share/man/man1/;
			dstSubfolderSpec = 0;
			files = (
			);
			runOnlyForDeploymentPostprocessing = 1;
		};
		A2FC73E61D1A96A1000C32E2 /* CopyFiles */ = {
			isa = PBXCopyFilesBuildPhase;
			buildActionMask = 2147483647;
			dstPath = /usr/share/man/man1/;
			dstSubfolderSpec = 0;
			files = (
			);
			runOnlyForDeploymentPostprocessing = 1;
		};
		A2FC73F41D1C0D01000C32E2 /* CopyFiles */ = {
			isa = PBXCopyFilesBuildPhase;
			buildActionMask = 2147483647;
			dstPath = /usr/share/man/man1/;
			dstSubfolderSpec = 0;
			files = (
			);
			runOnlyForDeploymentPostprocessing = 1;
		};
/* End PBXCopyFilesBuildPhase section */

/* Begin PBXFileReference section */
		A2BF2CE11D1C20C30058E00C /* OC_009Getter_Setter */ = {isa = PBXFileReference; explicitFileType = "compiled.mach-o.executable"; includeInIndex = 0; path = OC_009Getter_Setter; sourceTree = BUILT_PRODUCTS_DIR; };
		A2BF2CE31D1C20C30058E00C /* main.m */ = {isa = PBXFileReference; lastKnownFileType = sourcecode.c.objc; path = main.m; sourceTree = "<group>"; };
		A2BF2CE81D1C20DC0058E00C /* Gun.h */ = {isa = PBXFileReference; fileEncoding = 4; lastKnownFileType = sourcecode.c.h; path = Gun.h; sourceTree = "<group>"; };
		A2BF2CE91D1C20DC0058E00C /* Gun.m */ = {isa = PBXFileReference; fileEncoding = 4; lastKnownFileType = sourcecode.c.objc; path = Gun.m; sourceTree = "<group>"; };
		A2FC73871D189967000C32E2 /* Objective-C */ = {isa = PBXFileReference; explicitFileType = "compiled.mach-o.executable"; includeInIndex = 0; path = "Objective-C"; sourceTree = BUILT_PRODUCTS_DIR; };
		A2FC738A1D189967000C32E2 /* main.m */ = {isa = PBXFileReference; lastKnownFileType = sourcecode.c.objc; path = main.m; sourceTree = "<group>"; };
		A2FC73911D189FA1000C32E2 /* sum.c */ = {isa = PBXFileReference; fileEncoding = 4; lastKnownFileType = sourcecode.c.c; path = sum.c; sourceTree = "<group>"; };
		A2FC73921D189FA1000C32E2 /* sum.h */ = {isa = PBXFileReference; fileEncoding = 4; lastKnownFileType = sourcecode.c.h; path = sum.h; sourceTree = "<group>"; };
		A2FC73981D18A996000C32E2 /* OC001_ClassAndObject */ = {isa = PBXFileReference; explicitFileType = "compiled.mach-o.executable"; includeInIndex = 0; path = OC001_ClassAndObject; sourceTree = BUILT_PRODUCTS_DIR; };
		A2FC739A1D18A996000C32E2 /* main.m */ = {isa = PBXFileReference; lastKnownFileType = sourcecode.c.objc; path = main.m; sourceTree = "<group>"; };
		A2FC73A31D18CC58000C32E2 /* OC002_ClassAndObject */ = {isa = PBXFileReference; explicitFileType = "compiled.mach-o.executable"; includeInIndex = 0; path = OC002_ClassAndObject; sourceTree = BUILT_PRODUCTS_DIR; };
		A2FC73A51D18CC58000C32E2 /* main.m */ = {isa = PBXFileReference; lastKnownFileType = sourcecode.c.objc; path = main.m; sourceTree = "<group>"; };
		A2FC73AE1D1A2838000C32E2 /* OC003_ClassAndObjectSummary */ = {isa = PBXFileReference; explicitFileType = "compiled.mach-o.executable"; includeInIndex = 0; path = OC003_ClassAndObjectSummary; sourceTree = BUILT_PRODUCTS_DIR; };
		A2FC73B01D1A2838000C32E2 /* main.m */ = {isa = PBXFileReference; lastKnownFileType = sourcecode.c.objc; path = main.m; sourceTree = "<group>"; };
		A2FC73B91D1A4374000C32E2 /* OC004_NSString */ = {isa = PBXFileReference; explicitFileType = "compiled.mach-o.executable"; includeInIndex = 0; path = OC004_NSString; sourceTree = BUILT_PRODUCTS_DIR; };
		A2FC73BB1D1A4374000C32E2 /* main.m */ = {isa = PBXFileReference; lastKnownFileType = sourcecode.c.objc; path = main.m; sourceTree = "<group>"; };
		A2FC73C41D1A6220000C32E2 /* OC005_StructForMethod */ = {isa = PBXFileReference; explicitFileType = "compiled.mach-o.executable"; includeInIndex = 0; path = OC005_StructForMethod; sourceTree = BUILT_PRODUCTS_DIR; };
		A2FC73C61D1A6220000C32E2 /* main.m */ = {isa = PBXFileReference; lastKnownFileType = sourcecode.c.objc; path = main.m; sourceTree = "<group>"; };
		A2FC73CF1D1A6773000C32E2 /* OC006_ObjectForMethod */ = {isa = PBXFileReference; explicitFileType = "compiled.mach-o.executable"; includeInIndex = 0; path = OC006_ObjectForMethod; sourceTree = BUILT_PRODUCTS_DIR; };
		A2FC73D11D1A6773000C32E2 /* main.m */ = {isa = PBXFileReference; lastKnownFileType = sourcecode.c.objc; path = main.m; sourceTree = "<group>"; };
		A2FC73D81D1A92B3000C32E2 /* Gun.h */ = {isa = PBXFileReference; fileEncoding = 4; lastKnownFileType = sourcecode.c.h; path = Gun.h; sourceTree = "<group>"; };
		A2FC73D91D1A92B3000C32E2 /* Gun.m */ = {isa = PBXFileReference; fileEncoding = 4; lastKnownFileType = sourcecode.c.objc; path = Gun.m; sourceTree = "<group>"; };
		A2FC73DB1D1A92FB000C32E2 /* Clip.h */ = {isa = PBXFileReference; fileEncoding = 4; lastKnownFileType = sourcecode.c.h; path = Clip.h; sourceTree = "<group>"; };
		A2FC73DC1D1A92FB000C32E2 /* Clip.m */ = {isa = PBXFileReference; fileEncoding = 4; lastKnownFileType = sourcecode.c.objc; path = Clip.m; sourceTree = "<group>"; };
		A2FC73DE1D1A93BA000C32E2 /* Soldier.h */ = {isa = PBXFileReference; fileEncoding = 4; lastKnownFileType = sourcecode.c.h; path = Soldier.h; sourceTree = "<group>"; };
		A2FC73DF1D1A93BB000C32E2 /* Soldier.m */ = {isa = PBXFileReference; fileEncoding = 4; lastKnownFileType = sourcecode.c.objc; path = Soldier.m; sourceTree = "<group>"; };
		A2FC73E11D1A944B000C32E2 /* Shop.h */ = {isa = PBXFileReference; fileEncoding = 4; lastKnownFileType = sourcecode.c.h; path = Shop.h; sourceTree = "<group>"; };
		A2FC73E21D1A944B000C32E2 /* Shop.m */ = {isa = PBXFileReference; fileEncoding = 4; lastKnownFileType = sourcecode.c.objc; path = Shop.m; sourceTree = "<group>"; };
		A2FC73E81D1A96A1000C32E2 /* OC007_AnonymousObject */ = {isa = PBXFileReference; explicitFileType = "compiled.mach-o.executable"; includeInIndex = 0; path = OC007_AnonymousObject; sourceTree = BUILT_PRODUCTS_DIR; };
		A2FC73EA1D1A96A1000C32E2 /* main.m */ = {isa = PBXFileReference; lastKnownFileType = sourcecode.c.objc; path = main.m; sourceTree = "<group>"; };
		A2FC73EF1D1A970A000C32E2 /* Person.h */ = {isa = PBXFileReference; fileEncoding = 4; lastKnownFileType = sourcecode.c.h; path = Person.h; sourceTree = "<group>"; };
		A2FC73F01D1A970A000C32E2 /* Person.m */ = {isa = PBXFileReference; fileEncoding = 4; lastKnownFileType = sourcecode.c.objc; path = Person.m; sourceTree = "<group>"; };
		A2FC73F61D1C0D01000C32E2 /* OC008_Encapsulation */ = {isa = PBXFileReference; explicitFileType = "compiled.mach-o.executable"; includeInIndex = 0; path = OC008_Encapsulation; sourceTree = BUILT_PRODUCTS_DIR; };
		A2FC73F81D1C0D01000C32E2 /* main.m */ = {isa = PBXFileReference; lastKnownFileType = sourcecode.c.objc; path = main.m; sourceTree = "<group>"; };
		A2FC73FD1D1C0D4D000C32E2 /* Gun.h */ = {isa = PBXFileReference; fileEncoding = 4; lastKnownFileType = sourcecode.c.h; path = Gun.h; sourceTree = "<group>"; };
		A2FC73FE1D1C0D4D000C32E2 /* Gun.m */ = {isa = PBXFileReference; fileEncoding = 4; lastKnownFileType = sourcecode.c.objc; path = Gun.m; sourceTree = "<group>"; };
/* End PBXFileReference section */

/* Begin PBXFrameworksBuildPhase section */
		A2BF2CDE1D1C20C30058E00C /* Frameworks */ = {
			isa = PBXFrameworksBuildPhase;
			buildActionMask = 2147483647;
			files = (
			);
			runOnlyForDeploymentPostprocessing = 0;
		};
		A2FC73841D189967000C32E2 /* Frameworks */ = {
			isa = PBXFrameworksBuildPhase;
			buildActionMask = 2147483647;
			files = (
			);
			runOnlyForDeploymentPostprocessing = 0;
		};
		A2FC73951D18A996000C32E2 /* Frameworks */ = {
			isa = PBXFrameworksBuildPhase;
			buildActionMask = 2147483647;
			files = (
			);
			runOnlyForDeploymentPostprocessing = 0;
		};
		A2FC73A01D18CC58000C32E2 /* Frameworks */ = {
			isa = PBXFrameworksBuildPhase;
			buildActionMask = 2147483647;
			files = (
			);
			runOnlyForDeploymentPostprocessing = 0;
		};
		A2FC73AB1D1A2838000C32E2 /* Frameworks */ = {
			isa = PBXFrameworksBuildPhase;
			buildActionMask = 2147483647;
			files = (
			);
			runOnlyForDeploymentPostprocessing = 0;
		};
		A2FC73B61D1A4374000C32E2 /* Frameworks */ = {
			isa = PBXFrameworksBuildPhase;
			buildActionMask = 2147483647;
			files = (
			);
			runOnlyForDeploymentPostprocessing = 0;
		};
		A2FC73C11D1A6220000C32E2 /* Frameworks */ = {
			isa = PBXFrameworksBuildPhase;
			buildActionMask = 2147483647;
			files = (
			);
			runOnlyForDeploymentPostprocessing = 0;
		};
		A2FC73CC1D1A6773000C32E2 /* Frameworks */ = {
			isa = PBXFrameworksBuildPhase;
			buildActionMask = 2147483647;
			files = (
			);
			runOnlyForDeploymentPostprocessing = 0;
		};
		A2FC73E51D1A96A1000C32E2 /* Frameworks */ = {
			isa = PBXFrameworksBuildPhase;
			buildActionMask = 2147483647;
			files = (
			);
			runOnlyForDeploymentPostprocessing = 0;
		};
		A2FC73F31D1C0D01000C32E2 /* Frameworks */ = {
			isa = PBXFrameworksBuildPhase;
			buildActionMask = 2147483647;
			files = (
			);
			runOnlyForDeploymentPostprocessing = 0;
		};
/* End PBXFrameworksBuildPhase section */

/* Begin PBXGroup section */
		A2BF2CE21D1C20C30058E00C /* OC_009Getter_Setter */ = {
			isa = PBXGroup;
			children = (
				A2BF2CE31D1C20C30058E00C /* main.m */,
				A2BF2CE81D1C20DC0058E00C /* Gun.h */,
				A2BF2CE91D1C20DC0058E00C /* Gun.m */,
			);
			path = OC_009Getter_Setter;
			sourceTree = "<group>";
		};
		A2FC737E1D189967000C32E2 = {
			isa = PBXGroup;
			children = (
				A2FC73891D189967000C32E2 /* Objective-C */,
				A2FC73991D18A996000C32E2 /* OC001_ClassAndObject */,
				A2FC73A41D18CC58000C32E2 /* OC002_ClassAndObject */,
				A2FC73AF1D1A2838000C32E2 /* OC003_ClassAndObjectSummary */,
				A2FC73BA1D1A4374000C32E2 /* OC004_NSString */,
				A2FC73C51D1A6220000C32E2 /* OC005_StructForMethod */,
				A2FC73D01D1A6773000C32E2 /* OC006_ObjectForMethod */,
				A2FC73E91D1A96A1000C32E2 /* OC007_AnonymousObject */,
				A2FC73F71D1C0D01000C32E2 /* OC008_Encapsulation */,
				A2BF2CE21D1C20C30058E00C /* OC_009Getter_Setter */,
				A2FC73881D189967000C32E2 /* Products */,
			);
			sourceTree = "<group>";
		};
		A2FC73881D189967000C32E2 /* Products */ = {
			isa = PBXGroup;
			children = (
				A2FC73871D189967000C32E2 /* Objective-C */,
				A2FC73981D18A996000C32E2 /* OC001_ClassAndObject */,
				A2FC73A31D18CC58000C32E2 /* OC002_ClassAndObject */,
				A2FC73AE1D1A2838000C32E2 /* OC003_ClassAndObjectSummary */,
				A2FC73B91D1A4374000C32E2 /* OC004_NSString */,
				A2FC73C41D1A6220000C32E2 /* OC005_StructForMethod */,
				A2FC73CF1D1A6773000C32E2 /* OC006_ObjectForMethod */,
				A2FC73E81D1A96A1000C32E2 /* OC007_AnonymousObject */,
				A2FC73F61D1C0D01000C32E2 /* OC008_Encapsulation */,
				A2BF2CE11D1C20C30058E00C /* OC_009Getter_Setter */,
			);
			name = Products;
			sourceTree = "<group>";
		};
		A2FC73891D189967000C32E2 /* Objective-C */ = {
			isa = PBXGroup;
			children = (
				A2FC738A1D189967000C32E2 /* main.m */,
				A2FC73911D189FA1000C32E2 /* sum.c */,
				A2FC73921D189FA1000C32E2 /* sum.h */,
			);
			path = "Objective-C";
			sourceTree = "<group>";
		};
		A2FC73991D18A996000C32E2 /* OC001_ClassAndObject */ = {
			isa = PBXGroup;
			children = (
				A2FC739A1D18A996000C32E2 /* main.m */,
			);
			path = OC001_ClassAndObject;
			sourceTree = "<group>";
		};
		A2FC73A41D18CC58000C32E2 /* OC002_ClassAndObject */ = {
			isa = PBXGroup;
			children = (
				A2FC73A51D18CC58000C32E2 /* main.m */,
			);
			path = OC002_ClassAndObject;
			sourceTree = "<group>";
		};
		A2FC73AF1D1A2838000C32E2 /* OC003_ClassAndObjectSummary */ = {
			isa = PBXGroup;
			children = (
				A2FC73B01D1A2838000C32E2 /* main.m */,
			);
			path = OC003_ClassAndObjectSummary;
			sourceTree = "<group>";
		};
		A2FC73BA1D1A4374000C32E2 /* OC004_NSString */ = {
			isa = PBXGroup;
			children = (
				A2FC73BB1D1A4374000C32E2 /* main.m */,
			);
			path = OC004_NSString;
			sourceTree = "<group>";
		};
		A2FC73C51D1A6220000C32E2 /* OC005_StructForMethod */ = {
			isa = PBXGroup;
			children = (
				A2FC73C61D1A6220000C32E2 /* main.m */,
			);
			path = OC005_StructForMethod;
			sourceTree = "<group>";
		};
		A2FC73D01D1A6773000C32E2 /* OC006_ObjectForMethod */ = {
			isa = PBXGroup;
			children = (
				A2FC73D11D1A6773000C32E2 /* main.m */,
				A2FC73D81D1A92B3000C32E2 /* Gun.h */,
				A2FC73D91D1A92B3000C32E2 /* Gun.m */,
				A2FC73DB1D1A92FB000C32E2 /* Clip.h */,
				A2FC73DC1D1A92FB000C32E2 /* Clip.m */,
				A2FC73DE1D1A93BA000C32E2 /* Soldier.h */,
				A2FC73DF1D1A93BB000C32E2 /* Soldier.m */,
				A2FC73E11D1A944B000C32E2 /* Shop.h */,
				A2FC73E21D1A944B000C32E2 /* Shop.m */,
			);
			path = OC006_ObjectForMethod;
			sourceTree = "<group>";
		};
		A2FC73E91D1A96A1000C32E2 /* OC007_AnonymousObject */ = {
			isa = PBXGroup;
			children = (
				A2FC73EA1D1A96A1000C32E2 /* main.m */,
				A2FC73EF1D1A970A000C32E2 /* Person.h */,
				A2FC73F01D1A970A000C32E2 /* Person.m */,
			);
			path = OC007_AnonymousObject;
			sourceTree = "<group>";
		};
		A2FC73F71D1C0D01000C32E2 /* OC008_Encapsulation */ = {
			isa = PBXGroup;
			children = (
				A2FC73F81D1C0D01000C32E2 /* main.m */,
				A2FC73FD1D1C0D4D000C32E2 /* Gun.h */,
				A2FC73FE1D1C0D4D000C32E2 /* Gun.m */,
			);
			path = OC008_Encapsulation;
			sourceTree = "<group>";
		};
/* End PBXGroup section */

/* Begin PBXNativeTarget section */
		A2BF2CE01D1C20C30058E00C /* OC_009Getter_Setter */ = {
			isa = PBXNativeTarget;
			buildConfigurationList = A2BF2CE71D1C20C30058E00C /* Build configuration list for PBXNativeTarget "OC_009Getter_Setter" */;
			buildPhases = (
				A2BF2CDD1D1C20C30058E00C /* Sources */,
				A2BF2CDE1D1C20C30058E00C /* Frameworks */,
				A2BF2CDF1D1C20C30058E00C /* CopyFiles */,
			);
			buildRules = (
			);
			dependencies = (
			);
			name = OC_009Getter_Setter;
			productName = OC_009Getter_Setter;
			productReference = A2BF2CE11D1C20C30058E00C /* OC_009Getter_Setter */;
			productType = "com.apple.product-type.tool";
		};
		A2FC73861D189967000C32E2 /* Objective-C */ = {
			isa = PBXNativeTarget;
			buildConfigurationList = A2FC738E1D189967000C32E2 /* Build configuration list for PBXNativeTarget "Objective-C" */;
			buildPhases = (
				A2FC73831D189967000C32E2 /* Sources */,
				A2FC73841D189967000C32E2 /* Frameworks */,
				A2FC73851D189967000C32E2 /* CopyFiles */,
			);
			buildRules = (
			);
			dependencies = (
			);
			name = "Objective-C";
			productName = "Objective-C";
			productReference = A2FC73871D189967000C32E2 /* Objective-C */;
			productType = "com.apple.product-type.tool";
		};
		A2FC73971D18A996000C32E2 /* OC001_ClassAndObject */ = {
			isa = PBXNativeTarget;
			buildConfigurationList = A2FC739E1D18A996000C32E2 /* Build configuration list for PBXNativeTarget "OC001_ClassAndObject" */;
			buildPhases = (
				A2FC73941D18A996000C32E2 /* Sources */,
				A2FC73951D18A996000C32E2 /* Frameworks */,
				A2FC73961D18A996000C32E2 /* CopyFiles */,
			);
			buildRules = (
			);
			dependencies = (
			);
			name = OC001_ClassAndObject;
			productName = OC001_ClassAndObject;
			productReference = A2FC73981D18A996000C32E2 /* OC001_ClassAndObject */;
			productType = "com.apple.product-type.tool";
		};
		A2FC73A21D18CC58000C32E2 /* OC002_ClassAndObject */ = {
			isa = PBXNativeTarget;
			buildConfigurationList = A2FC73A71D18CC58000C32E2 /* Build configuration list for PBXNativeTarget "OC002_ClassAndObject" */;
			buildPhases = (
				A2FC739F1D18CC58000C32E2 /* Sources */,
				A2FC73A01D18CC58000C32E2 /* Frameworks */,
				A2FC73A11D18CC58000C32E2 /* CopyFiles */,
			);
			buildRules = (
			);
			dependencies = (
			);
			name = OC002_ClassAndObject;
			productName = OC002_ClassAndObject;
			productReference = A2FC73A31D18CC58000C32E2 /* OC002_ClassAndObject */;
			productType = "com.apple.product-type.tool";
		};
		A2FC73AD1D1A2838000C32E2 /* OC003_ClassAndObjectSummary */ = {
			isa = PBXNativeTarget;
			buildConfigurationList = A2FC73B21D1A2838000C32E2 /* Build configuration list for PBXNativeTarget "OC003_ClassAndObjectSummary" */;
			buildPhases = (
				A2FC73AA1D1A2838000C32E2 /* Sources */,
				A2FC73AB1D1A2838000C32E2 /* Frameworks */,
				A2FC73AC1D1A2838000C32E2 /* CopyFiles */,
			);
			buildRules = (
			);
			dependencies = (
			);
			name = OC003_ClassAndObjectSummary;
			productName = OC003_ClassAndObjectSummary;
			productReference = A2FC73AE1D1A2838000C32E2 /* OC003_ClassAndObjectSummary */;
			productType = "com.apple.product-type.tool";
		};
		A2FC73B81D1A4374000C32E2 /* OC004_NSString */ = {
			isa = PBXNativeTarget;
			buildConfigurationList = A2FC73BD1D1A4374000C32E2 /* Build configuration list for PBXNativeTarget "OC004_NSString" */;
			buildPhases = (
				A2FC73B51D1A4374000C32E2 /* Sources */,
				A2FC73B61D1A4374000C32E2 /* Frameworks */,
				A2FC73B71D1A4374000C32E2 /* CopyFiles */,
			);
			buildRules = (
			);
			dependencies = (
			);
			name = OC004_NSString;
			productName = OC004_NSString;
			productReference = A2FC73B91D1A4374000C32E2 /* OC004_NSString */;
			productType = "com.apple.product-type.tool";
		};
		A2FC73C31D1A6220000C32E2 /* OC005_StructForMethod */ = {
			isa = PBXNativeTarget;
			buildConfigurationList = A2FC73C81D1A6220000C32E2 /* Build configuration list for PBXNativeTarget "OC005_StructForMethod" */;
			buildPhases = (
				A2FC73C01D1A6220000C32E2 /* Sources */,
				A2FC73C11D1A6220000C32E2 /* Frameworks */,
				A2FC73C21D1A6220000C32E2 /* CopyFiles */,
			);
			buildRules = (
			);
			dependencies = (
			);
			name = OC005_StructForMethod;
			productName = OC005_StructForMethod;
			productReference = A2FC73C41D1A6220000C32E2 /* OC005_StructForMethod */;
			productType = "com.apple.product-type.tool";
		};
		A2FC73CE1D1A6773000C32E2 /* OC006_ObjectForMethod */ = {
			isa = PBXNativeTarget;
			buildConfigurationList = A2FC73D31D1A6773000C32E2 /* Build configuration list for PBXNativeTarget "OC006_ObjectForMethod" */;
			buildPhases = (
				A2FC73CB1D1A6773000C32E2 /* Sources */,
				A2FC73CC1D1A6773000C32E2 /* Frameworks */,
				A2FC73CD1D1A6773000C32E2 /* CopyFiles */,
			);
			buildRules = (
			);
			dependencies = (
			);
			name = OC006_ObjectForMethod;
			productName = OC006_ObjectForMethod;
			productReference = A2FC73CF1D1A6773000C32E2 /* OC006_ObjectForMethod */;
			productType = "com.apple.product-type.tool";
		};
		A2FC73E71D1A96A1000C32E2 /* OC007_AnonymousObject */ = {
			isa = PBXNativeTarget;
			buildConfigurationList = A2FC73EC1D1A96A1000C32E2 /* Build configuration list for PBXNativeTarget "OC007_AnonymousObject" */;
			buildPhases = (
				A2FC73E41D1A96A1000C32E2 /* Sources */,
				A2FC73E51D1A96A1000C32E2 /* Frameworks */,
				A2FC73E61D1A96A1000C32E2 /* CopyFiles */,
			);
			buildRules = (
			);
			dependencies = (
			);
			name = OC007_AnonymousObject;
			productName = OC007_AnonymousObject;
			productReference = A2FC73E81D1A96A1000C32E2 /* OC007_AnonymousObject */;
			productType = "com.apple.product-type.tool";
		};
		A2FC73F51D1C0D01000C32E2 /* OC008_Encapsulation */ = {
			isa = PBXNativeTarget;
			buildConfigurationList = A2FC73FA1D1C0D01000C32E2 /* Build configuration list for PBXNativeTarget "OC008_Encapsulation" */;
			buildPhases = (
				A2FC73F21D1C0D01000C32E2 /* Sources */,
				A2FC73F31D1C0D01000C32E2 /* Frameworks */,
				A2FC73F41D1C0D01000C32E2 /* CopyFiles */,
			);
			buildRules = (
			);
			dependencies = (
			);
			name = OC008_Encapsulation;
			productName = OC008_Encapsulation;
			productReference = A2FC73F61D1C0D01000C32E2 /* OC008_Encapsulation */;
			productType = "com.apple.product-type.tool";
		};
/* End PBXNativeTarget section */

/* Begin PBXProject section */
		A2FC737F1D189967000C32E2 /* Project object */ = {
			isa = PBXProject;
			attributes = {
				LastUpgradeCheck = 0800;
				ORGANIZATIONNAME = NexTed;
				TargetAttributes = {
					A2BF2CE01D1C20C30058E00C = {
						CreatedOnToolsVersion = 8.0;
						DevelopmentTeam = 64P4KU52Q3;
						DevelopmentTeamName = "朝阳 桂 (Personal Team)";
						ProvisioningStyle = Automatic;
					};
					A2FC73861D189967000C32E2 = {
						CreatedOnToolsVersion = 8.0;
						DevelopmentTeam = 64P4KU52Q3;
						DevelopmentTeamName = "朝阳 桂 (Personal Team)";
						ProvisioningStyle = Automatic;
					};
					A2FC73971D18A996000C32E2 = {
						CreatedOnToolsVersion = 8.0;
						DevelopmentTeam = 64P4KU52Q3;
						DevelopmentTeamName = "朝阳 桂 (Personal Team)";
						ProvisioningStyle = Automatic;
					};
					A2FC73A21D18CC58000C32E2 = {
						CreatedOnToolsVersion = 8.0;
						DevelopmentTeam = 64P4KU52Q3;
						DevelopmentTeamName = "朝阳 桂 (Personal Team)";
						ProvisioningStyle = Automatic;
					};
					A2FC73AD1D1A2838000C32E2 = {
						CreatedOnToolsVersion = 8.0;
						DevelopmentTeam = 64P4KU52Q3;
						DevelopmentTeamName = "朝阳 桂 (Personal Team)";
						ProvisioningStyle = Automatic;
					};
					A2FC73B81D1A4374000C32E2 = {
						CreatedOnToolsVersion = 8.0;
						DevelopmentTeam = 64P4KU52Q3;
						DevelopmentTeamName = "朝阳 桂 (Personal Team)";
						ProvisioningStyle = Automatic;
					};
					A2FC73C31D1A6220000C32E2 = {
						CreatedOnToolsVersion = 8.0;
						DevelopmentTeam = 64P4KU52Q3;
						DevelopmentTeamName = "朝阳 桂 (Personal Team)";
						ProvisioningStyle = Automatic;
					};
					A2FC73CE1D1A6773000C32E2 = {
						CreatedOnToolsVersion = 8.0;
						DevelopmentTeam = 64P4KU52Q3;
						DevelopmentTeamName = "朝阳 桂 (Personal Team)";
						ProvisioningStyle = Automatic;
					};
					A2FC73E71D1A96A1000C32E2 = {
						CreatedOnToolsVersion = 8.0;
						DevelopmentTeam = 64P4KU52Q3;
						DevelopmentTeamName = "朝阳 桂 (Personal Team)";
						ProvisioningStyle = Automatic;
					};
					A2FC73F51D1C0D01000C32E2 = {
						CreatedOnToolsVersion = 8.0;
						DevelopmentTeam = 64P4KU52Q3;
						DevelopmentTeamName = "朝阳 桂 (Personal Team)";
						ProvisioningStyle = Automatic;
					};
				};
			};
			buildConfigurationList = A2FC73821D189967000C32E2 /* Build configuration list for PBXProject "Objective-C" */;
			compatibilityVersion = "Xcode 3.2";
			developmentRegion = English;
			hasScannedForEncodings = 0;
			knownRegions = (
				en,
			);
			mainGroup = A2FC737E1D189967000C32E2;
			productRefGroup = A2FC73881D189967000C32E2 /* Products */;
			projectDirPath = "";
			projectRoot = "";
			targets = (
				A2FC73861D189967000C32E2 /* Objective-C */,
				A2FC73971D18A996000C32E2 /* OC001_ClassAndObject */,
				A2FC73A21D18CC58000C32E2 /* OC002_ClassAndObject */,
				A2FC73AD1D1A2838000C32E2 /* OC003_ClassAndObjectSummary */,
				A2FC73B81D1A4374000C32E2 /* OC004_NSString */,
				A2FC73C31D1A6220000C32E2 /* OC005_StructForMethod */,
				A2FC73CE1D1A6773000C32E2 /* OC006_ObjectForMethod */,
				A2FC73E71D1A96A1000C32E2 /* OC007_AnonymousObject */,
				A2FC73F51D1C0D01000C32E2 /* OC008_Encapsulation */,
				A2BF2CE01D1C20C30058E00C /* OC_009Getter_Setter */,
			);
		};
/* End PBXProject section */

/* Begin PBXSourcesBuildPhase section */
		A2BF2CDD1D1C20C30058E00C /* Sources */ = {
			isa = PBXSourcesBuildPhase;
			buildActionMask = 2147483647;
			files = (
				A2BF2CEA1D1C20DC0058E00C /* Gun.m in Sources */,
				A2BF2CE41D1C20C30058E00C /* main.m in Sources */,
			);
			runOnlyForDeploymentPostprocessing = 0;
		};
		A2FC73831D189967000C32E2 /* Sources */ = {
			isa = PBXSourcesBuildPhase;
			buildActionMask = 2147483647;
			files = (
				A2FC738B1D189967000C32E2 /* main.m in Sources */,
				A2FC73931D189FA1000C32E2 /* sum.c in Sources */,
			);
			runOnlyForDeploymentPostprocessing = 0;
		};
		A2FC73941D18A996000C32E2 /* Sources */ = {
			isa = PBXSourcesBuildPhase;
			buildActionMask = 2147483647;
			files = (
				A2FC739B1D18A996000C32E2 /* main.m in Sources */,
			);
			runOnlyForDeploymentPostprocessing = 0;
		};
		A2FC739F1D18CC58000C32E2 /* Sources */ = {
			isa = PBXSourcesBuildPhase;
			buildActionMask = 2147483647;
			files = (
				A2FC73A61D18CC58000C32E2 /* main.m in Sources */,
			);
			runOnlyForDeploymentPostprocessing = 0;
		};
		A2FC73AA1D1A2838000C32E2 /* Sources */ = {
			isa = PBXSourcesBuildPhase;
			buildActionMask = 2147483647;
			files = (
				A2FC73B11D1A2838000C32E2 /* main.m in Sources */,
			);
			runOnlyForDeploymentPostprocessing = 0;
		};
		A2FC73B51D1A4374000C32E2 /* Sources */ = {
			isa = PBXSourcesBuildPhase;
			buildActionMask = 2147483647;
			files = (
				A2FC73BC1D1A4374000C32E2 /* main.m in Sources */,
			);
			runOnlyForDeploymentPostprocessing = 0;
		};
		A2FC73C01D1A6220000C32E2 /* Sources */ = {
			isa = PBXSourcesBuildPhase;
			buildActionMask = 2147483647;
			files = (
				A2FC73C71D1A6220000C32E2 /* main.m in Sources */,
			);
			runOnlyForDeploymentPostprocessing = 0;
		};
		A2FC73CB1D1A6773000C32E2 /* Sources */ = {
			isa = PBXSourcesBuildPhase;
			buildActionMask = 2147483647;
			files = (
				A2FC73E31D1A944B000C32E2 /* Shop.m in Sources */,
				A2FC73DD1D1A92FB000C32E2 /* Clip.m in Sources */,
				A2FC73DA1D1A92B3000C32E2 /* Gun.m in Sources */,
				A2FC73E01D1A93BB000C32E2 /* Soldier.m in Sources */,
				A2FC73D21D1A6773000C32E2 /* main.m in Sources */,
			);
			runOnlyForDeploymentPostprocessing = 0;
		};
		A2FC73E41D1A96A1000C32E2 /* Sources */ = {
			isa = PBXSourcesBuildPhase;
			buildActionMask = 2147483647;
			files = (
				A2FC73F11D1A970A000C32E2 /* Person.m in Sources */,
				A2FC73EB1D1A96A1000C32E2 /* main.m in Sources */,
			);
			runOnlyForDeploymentPostprocessing = 0;
		};
		A2FC73F21D1C0D01000C32E2 /* Sources */ = {
			isa = PBXSourcesBuildPhase;
			buildActionMask = 2147483647;
			files = (
				A2FC73FF1D1C0D4D000C32E2 /* Gun.m in Sources */,
				A2FC73F91D1C0D01000C32E2 /* main.m in Sources */,
			);
			runOnlyForDeploymentPostprocessing = 0;
		};
/* End PBXSourcesBuildPhase section */

/* Begin XCBuildConfiguration section */
		A2BF2CE51D1C20C30058E00C /* Debug */ = {
			isa = XCBuildConfiguration;
			buildSettings = {
				PRODUCT_NAME = "$(TARGET_NAME)";
			};
			name = Debug;
		};
		A2BF2CE61D1C20C30058E00C /* Release */ = {
			isa = XCBuildConfiguration;
			buildSettings = {
				PRODUCT_NAME = "$(TARGET_NAME)";
			};
			name = Release;
		};
		A2FC738C1D189967000C32E2 /* Debug */ = {
			isa = XCBuildConfiguration;
			buildSettings = {
				ALWAYS_SEARCH_USER_PATHS = NO;
				CLANG_ANALYZER_NONNULL = YES;
				CLANG_CXX_LANGUAGE_STANDARD = "gnu++0x";
				CLANG_CXX_LIBRARY = "libc++";
				CLANG_ENABLE_MODULES = YES;
				CLANG_ENABLE_OBJC_ARC = YES;
				CLANG_WARN_BOOL_CONVERSION = YES;
				CLANG_WARN_CONSTANT_CONVERSION = YES;
				CLANG_WARN_DIRECT_OBJC_ISA_USAGE = YES_ERROR;
				CLANG_WARN_DOCUMENTATION_COMMENTS = YES;
				CLANG_WARN_EMPTY_BODY = YES;
				CLANG_WARN_ENUM_CONVERSION = YES;
				CLANG_WARN_INT_CONVERSION = YES;
				CLANG_WARN_OBJC_ROOT_CLASS = YES_ERROR;
				CLANG_WARN_UNREACHABLE_CODE = YES;
				CLANG_WARN__DUPLICATE_METHOD_MATCH = YES;
				CODE_SIGN_IDENTITY = "-";
				COPY_PHASE_STRIP = NO;
				DEBUG_INFORMATION_FORMAT = dwarf;
				ENABLE_STRICT_OBJC_MSGSEND = YES;
				ENABLE_TESTABILITY = YES;
				GCC_C_LANGUAGE_STANDARD = gnu99;
				GCC_DYNAMIC_NO_PIC = NO;
				GCC_NO_COMMON_BLOCKS = YES;
				GCC_OPTIMIZATION_LEVEL = 0;
				GCC_PREPROCESSOR_DEFINITIONS = (
					"DEBUG=1",
					"$(inherited)",
				);
				GCC_WARN_64_TO_32_BIT_CONVERSION = YES;
				GCC_WARN_ABOUT_RETURN_TYPE = YES_ERROR;
				GCC_WARN_UNDECLARED_SELECTOR = YES;
				GCC_WARN_UNINITIALIZED_AUTOS = YES_AGGRESSIVE;
				GCC_WARN_UNUSED_FUNCTION = YES;
				GCC_WARN_UNUSED_VARIABLE = YES;
				MACOSX_DEPLOYMENT_TARGET = 10.11;
				MTL_ENABLE_DEBUG_INFO = YES;
				ONLY_ACTIVE_ARCH = YES;
				SDKROOT = macosx;
			};
			name = Debug;
		};
		A2FC738D1D189967000C32E2 /* Release */ = {
			isa = XCBuildConfiguration;
			buildSettings = {
				ALWAYS_SEARCH_USER_PATHS = NO;
				CLANG_ANALYZER_NONNULL = YES;
				CLANG_CXX_LANGUAGE_STANDARD = "gnu++0x";
				CLANG_CXX_LIBRARY = "libc++";
				CLANG_ENABLE_MODULES = YES;
				CLANG_ENABLE_OBJC_ARC = YES;
				CLANG_WARN_BOOL_CONVERSION = YES;
				CLANG_WARN_CONSTANT_CONVERSION = YES;
				CLANG_WARN_DIRECT_OBJC_ISA_USAGE = YES_ERROR;
				CLANG_WARN_DOCUMENTATION_COMMENTS = YES;
				CLANG_WARN_EMPTY_BODY = YES;
				CLANG_WARN_ENUM_CONVERSION = YES;
				CLANG_WARN_INT_CONVERSION = YES;
				CLANG_WARN_OBJC_ROOT_CLASS = YES_ERROR;
				CLANG_WARN_UNREACHABLE_CODE = YES;
				CLANG_WARN__DUPLICATE_METHOD_MATCH = YES;
				CODE_SIGN_IDENTITY = "-";
				COPY_PHASE_STRIP = NO;
				DEBUG_INFORMATION_FORMAT = "dwarf-with-dsym";
				ENABLE_NS_ASSERTIONS = NO;
				ENABLE_STRICT_OBJC_MSGSEND = YES;
				GCC_C_LANGUAGE_STANDARD = gnu99;
				GCC_NO_COMMON_BLOCKS = YES;
				GCC_WARN_64_TO_32_BIT_CONVERSION = YES;
				GCC_WARN_ABOUT_RETURN_TYPE = YES_ERROR;
				GCC_WARN_UNDECLARED_SELECTOR = YES;
				GCC_WARN_UNINITIALIZED_AUTOS = YES_AGGRESSIVE;
				GCC_WARN_UNUSED_FUNCTION = YES;
				GCC_WARN_UNUSED_VARIABLE = YES;
				MACOSX_DEPLOYMENT_TARGET = 10.11;
				MTL_ENABLE_DEBUG_INFO = NO;
				SDKROOT = macosx;
			};
			name = Release;
		};
		A2FC738F1D189967000C32E2 /* Debug */ = {
			isa = XCBuildConfiguration;
			buildSettings = {
				PRODUCT_NAME = "$(TARGET_NAME)";
			};
			name = Debug;
		};
		A2FC73901D189967000C32E2 /* Release */ = {
			isa = XCBuildConfiguration;
			buildSettings = {
				PRODUCT_NAME = "$(TARGET_NAME)";
			};
			name = Release;
		};
		A2FC739C1D18A996000C32E2 /* Debug */ = {
			isa = XCBuildConfiguration;
			buildSettings = {
				PRODUCT_NAME = "$(TARGET_NAME)";
			};
			name = Debug;
		};
		A2FC739D1D18A996000C32E2 /* Release */ = {
			isa = XCBuildConfiguration;
			buildSettings = {
				PRODUCT_NAME = "$(TARGET_NAME)";
			};
			name = Release;
		};
		A2FC73A81D18CC58000C32E2 /* Debug */ = {
			isa = XCBuildConfiguration;
			buildSettings = {
				PRODUCT_NAME = "$(TARGET_NAME)";
			};
			name = Debug;
		};
		A2FC73A91D18CC58000C32E2 /* Release */ = {
			isa = XCBuildConfiguration;
			buildSettings = {
				PRODUCT_NAME = "$(TARGET_NAME)";
			};
			name = Release;
		};
		A2FC73B31D1A2838000C32E2 /* Debug */ = {
			isa = XCBuildConfiguration;
			buildSettings = {
				PRODUCT_NAME = "$(TARGET_NAME)";
			};
			name = Debug;
		};
		A2FC73B41D1A2838000C32E2 /* Release */ = {
			isa = XCBuildConfiguration;
			buildSettings = {
				PRODUCT_NAME = "$(TARGET_NAME)";
			};
			name = Release;
		};
		A2FC73BE1D1A4374000C32E2 /* Debug */ = {
			isa = XCBuildConfiguration;
			buildSettings = {
				PRODUCT_NAME = "$(TARGET_NAME)";
			};
			name = Debug;
		};
		A2FC73BF1D1A4374000C32E2 /* Release */ = {
			isa = XCBuildConfiguration;
			buildSettings = {
				PRODUCT_NAME = "$(TARGET_NAME)";
			};
			name = Release;
		};
		A2FC73C91D1A6220000C32E2 /* Debug */ = {
			isa = XCBuildConfiguration;
			buildSettings = {
				PRODUCT_NAME = "$(TARGET_NAME)";
			};
			name = Debug;
		};
		A2FC73CA1D1A6220000C32E2 /* Release */ = {
			isa = XCBuildConfiguration;
			buildSettings = {
				PRODUCT_NAME = "$(TARGET_NAME)";
			};
			name = Release;
		};
		A2FC73D41D1A6773000C32E2 /* Debug */ = {
			isa = XCBuildConfiguration;
			buildSettings = {
				PRODUCT_NAME = "$(TARGET_NAME)";
			};
			name = Debug;
		};
		A2FC73D51D1A6773000C32E2 /* Release */ = {
			isa = XCBuildConfiguration;
			buildSettings = {
				PRODUCT_NAME = "$(TARGET_NAME)";
			};
			name = Release;
		};
		A2FC73ED1D1A96A1000C32E2 /* Debug */ = {
			isa = XCBuildConfiguration;
			buildSettings = {
				PRODUCT_NAME = "$(TARGET_NAME)";
			};
			name = Debug;
		};
		A2FC73EE1D1A96A1000C32E2 /* Release */ = {
			isa = XCBuildConfiguration;
			buildSettings = {
				PRODUCT_NAME = "$(TARGET_NAME)";
			};
			name = Release;
		};
		A2FC73FB1D1C0D01000C32E2 /* Debug */ = {
			isa = XCBuildConfiguration;
			buildSettings = {
				PRODUCT_NAME = "$(TARGET_NAME)";
			};
			name = Debug;
		};
		A2FC73FC1D1C0D01000C32E2 /* Release */ = {
			isa = XCBuildConfiguration;
			buildSettings = {
				PRODUCT_NAME = "$(TARGET_NAME)";
			};
			name = Release;
		};
/* End XCBuildConfiguration section */

/* Begin XCConfigurationList section */
		A2BF2CE71D1C20C30058E00C /* Build configuration list for PBXNativeTarget "OC_009Getter_Setter" */ = {
			isa = XCConfigurationList;
			buildConfigurations = (
				A2BF2CE51D1C20C30058E00C /* Debug */,
				A2BF2CE61D1C20C30058E00C /* Release */,
			);
			defaultConfigurationIsVisible = 0;
		};
		A2FC73821D189967000C32E2 /* Build configuration list for PBXProject "Objective-C" */ = {
			isa = XCConfigurationList;
			buildConfigurations = (
				A2FC738C1D189967000C32E2 /* Debug */,
				A2FC738D1D189967000C32E2 /* Release */,
			);
			defaultConfigurationIsVisible = 0;
			defaultConfigurationName = Release;
		};
		A2FC738E1D189967000C32E2 /* Build configuration list for PBXNativeTarget "Objective-C" */ = {
			isa = XCConfigurationList;
			buildConfigurations = (
				A2FC738F1D189967000C32E2 /* Debug */,
				A2FC73901D189967000C32E2 /* Release */,
			);
			defaultConfigurationIsVisible = 0;
			defaultConfigurationName = Release;
		};
		A2FC739E1D18A996000C32E2 /* Build configuration list for PBXNativeTarget "OC001_ClassAndObject" */ = {
			isa = XCConfigurationList;
			buildConfigurations = (
				A2FC739C1D18A996000C32E2 /* Debug */,
				A2FC739D1D18A996000C32E2 /* Release */,
			);
			defaultConfigurationIsVisible = 0;
			defaultConfigurationName = Release;
		};
		A2FC73A71D18CC58000C32E2 /* Build configuration list for PBXNativeTarget "OC002_ClassAndObject" */ = {
			isa = XCConfigurationList;
			buildConfigurations = (
				A2FC73A81D18CC58000C32E2 /* Debug */,
				A2FC73A91D18CC58000C32E2 /* Release */,
			);
			defaultConfigurationIsVisible = 0;
			defaultConfigurationName = Release;
		};
		A2FC73B21D1A2838000C32E2 /* Build configuration list for PBXNativeTarget "OC003_ClassAndObjectSummary" */ = {
			isa = XCConfigurationList;
			buildConfigurations = (
				A2FC73B31D1A2838000C32E2 /* Debug */,
				A2FC73B41D1A2838000C32E2 /* Release */,
			);
			defaultConfigurationIsVisible = 0;
			defaultConfigurationName = Release;
		};
		A2FC73BD1D1A4374000C32E2 /* Build configuration list for PBXNativeTarget "OC004_NSString" */ = {
			isa = XCConfigurationList;
			buildConfigurations = (
				A2FC73BE1D1A4374000C32E2 /* Debug */,
				A2FC73BF1D1A4374000C32E2 /* Release */,
			);
			defaultConfigurationIsVisible = 0;
			defaultConfigurationName = Release;
		};
		A2FC73C81D1A6220000C32E2 /* Build configuration list for PBXNativeTarget "OC005_StructForMethod" */ = {
			isa = XCConfigurationList;
			buildConfigurations = (
				A2FC73C91D1A6220000C32E2 /* Debug */,
				A2FC73CA1D1A6220000C32E2 /* Release */,
			);
			defaultConfigurationIsVisible = 0;
			defaultConfigurationName = Release;
		};
		A2FC73D31D1A6773000C32E2 /* Build configuration list for PBXNativeTarget "OC006_ObjectForMethod" */ = {
			isa = XCConfigurationList;
			buildConfigurations = (
				A2FC73D41D1A6773000C32E2 /* Debug */,
				A2FC73D51D1A6773000C32E2 /* Release */,
			);
			defaultConfigurationIsVisible = 0;
			defaultConfigurationName = Release;
		};
		A2FC73EC1D1A96A1000C32E2 /* Build configuration list for PBXNativeTarget "OC007_AnonymousObject" */ = {
			isa = XCConfigurationList;
			buildConfigurations = (
				A2FC73ED1D1A96A1000C32E2 /* Debug */,
				A2FC73EE1D1A96A1000C32E2 /* Release */,
			);
			defaultConfigurationIsVisible = 0;
			defaultConfigurationName = Release;
		};
		A2FC73FA1D1C0D01000C32E2 /* Build configuration list for PBXNativeTarget "OC008_Encapsulation" */ = {
			isa = XCConfigurationList;
			buildConfigurations = (
				A2FC73FB1D1C0D01000C32E2 /* Debug */,
				A2FC73FC1D1C0D01000C32E2 /* Release */,
			);
			defaultConfigurationIsVisible = 0;
			defaultConfigurationName = Release;
		};
/* End XCConfigurationList section */
	};
	rootObject = A2FC737F1D189967000C32E2 /* Project object */;
}
