// !$*UTF8*$!
{
	archiveVersion = 1;
	classes = {
	};
	objectVersion = 46;
	objects = {

/* Begin PBXBuildFile section */
		A290D1571D35213F0065499D /* main.m in Sources */ = {isa = PBXBuildFile; fileRef = A290D1561D35213F0065499D /* main.m */; };
		A290D15A1D35213F0065499D /* AppDelegate.m in Sources */ = {isa = PBXBuildFile; fileRef = A290D1591D35213F0065499D /* AppDelegate.m */; };
		A290D15D1D35213F0065499D /* ViewController.m in Sources */ = {isa = PBXBuildFile; fileRef = A290D15C1D35213F0065499D /* ViewController.m */; };
		A290D1601D35213F0065499D /* Main.storyboard in Resources */ = {isa = PBXBuildFile; fileRef = A290D15E1D35213F0065499D /* Main.storyboard */; };
		A290D1621D35213F0065499D /* Assets.xcassets in Resources */ = {isa = PBXBuildFile; fileRef = A290D1611D35213F0065499D /* Assets.xcassets */; };
		A290D1651D35213F0065499D /* LaunchScreen.storyboard in Resources */ = {isa = PBXBuildFile; fileRef = A290D1631D35213F0065499D /* LaunchScreen.storyboard */; };
		A290D16D1D354FE90065499D /* 总结 in Resources */ = {isa = PBXBuildFile; fileRef = A290D16C1D354FE90065499D /* 总结 */; };
/* End PBXBuildFile section */

/* Begin PBXFileReference section */
		A290D1521D35213F0065499D /* UI001_WordColor.app */ = {isa = PBXFileReference; explicitFileType = wrapper.application; includeInIndex = 0; path = UI001_WordColor.app; sourceTree = BUILT_PRODUCTS_DIR; };
		A290D1561D35213F0065499D /* main.m */ = {isa = PBXFileReference; lastKnownFileType = sourcecode.c.objc; path = main.m; sourceTree = "<group>"; };
		A290D1581D35213F0065499D /* AppDelegate.h */ = {isa = PBXFileReference; lastKnownFileType = sourcecode.c.h; path = AppDelegate.h; sourceTree = "<group>"; };
		A290D1591D35213F0065499D /* AppDelegate.m */ = {isa = PBXFileReference; lastKnownFileType = sourcecode.c.objc; path = AppDelegate.m; sourceTree = "<group>"; };
		A290D15B1D35213F0065499D /* ViewController.h */ = {isa = PBXFileReference; lastKnownFileType = sourcecode.c.h; path = ViewController.h; sourceTree = "<group>"; };
		A290D15C1D35213F0065499D /* ViewController.m */ = {isa = PBXFileReference; lastKnownFileType = sourcecode.c.objc; path = ViewController.m; sourceTree = "<group>"; };
		A290D15F1D35213F0065499D /* Base */ = {isa = PBXFileReference; lastKnownFileType = file.storyboard; name = Base; path = Base.lproj/Main.storyboard; sourceTree = "<group>"; };
		A290D1611D35213F0065499D /* Assets.xcassets */ = {isa = PBXFileReference; lastKnownFileType = folder.assetcatalog; path = Assets.xcassets; sourceTree = "<group>"; };
		A290D1641D35213F0065499D /* Base */ = {isa = PBXFileReference; lastKnownFileType = file.storyboard; name = Base; path = Base.lproj/LaunchScreen.storyboard; sourceTree = "<group>"; };
		A290D1661D35213F0065499D /* Info.plist */ = {isa = PBXFileReference; lastKnownFileType = text.plist.xml; path = Info.plist; sourceTree = "<group>"; };
		A290D16C1D354FE90065499D /* 总结 */ = {isa = PBXFileReference; fileEncoding = 4; lastKnownFileType = text; path = "总结"; sourceTree = "<group>"; };
/* End PBXFileReference section */

/* Begin PBXFrameworksBuildPhase section */
		A290D14F1D35213F0065499D /* Frameworks */ = {
			isa = PBXFrameworksBuildPhase;
			buildActionMask = 2147483647;
			files = (
			);
			runOnlyForDeploymentPostprocessing = 0;
		};
/* End PBXFrameworksBuildPhase section */

/* Begin PBXGroup section */
		A290D1491D35213F0065499D = {
			isa = PBXGroup;
			children = (
				A290D16C1D354FE90065499D /* 总结 */,
				A290D1541D35213F0065499D /* UI001_WordColor */,
				A290D1531D35213F0065499D /* Products */,
			);
			sourceTree = "<group>";
		};
		A290D1531D35213F0065499D /* Products */ = {
			isa = PBXGroup;
			children = (
				A290D1521D35213F0065499D /* UI001_WordColor.app */,
			);
			name = Products;
			sourceTree = "<group>";
		};
		A290D1541D35213F0065499D /* UI001_WordColor */ = {
			isa = PBXGroup;
			children = (
				A290D1581D35213F0065499D /* AppDelegate.h */,
				A290D1591D35213F0065499D /* AppDelegate.m */,
				A290D15B1D35213F0065499D /* ViewController.h */,
				A290D15C1D35213F0065499D /* ViewController.m */,
				A290D15E1D35213F0065499D /* Main.storyboard */,
				A290D1611D35213F0065499D /* Assets.xcassets */,
				A290D1631D35213F0065499D /* LaunchScreen.storyboard */,
				A290D1661D35213F0065499D /* Info.plist */,
				A290D1551D35213F0065499D /* Supporting Files */,
			);
			path = UI001_WordColor;
			sourceTree = "<group>";
		};
		A290D1551D35213F0065499D /* Supporting Files */ = {
			isa = PBXGroup;
			children = (
				A290D1561D35213F0065499D /* main.m */,
			);
			name = "Supporting Files";
			sourceTree = "<group>";
		};
/* End PBXGroup section */

/* Begin PBXNativeTarget section */
		A290D1511D35213F0065499D /* UI001_WordColor */ = {
			isa = PBXNativeTarget;
			buildConfigurationList = A290D1691D35213F0065499D /* Build configuration list for PBXNativeTarget "UI001_WordColor" */;
			buildPhases = (
				A290D14E1D35213F0065499D /* Sources */,
				A290D14F1D35213F0065499D /* Frameworks */,
				A290D1501D35213F0065499D /* Resources */,
			);
			buildRules = (
			);
			dependencies = (
			);
			name = UI001_WordColor;
			productName = UI001_WordColor;
			productReference = A290D1521D35213F0065499D /* UI001_WordColor.app */;
			productType = "com.apple.product-type.application";
		};
/* End PBXNativeTarget section */

/* Begin PBXProject section */
		A290D14A1D35213F0065499D /* Project object */ = {
			isa = PBXProject;
			attributes = {
				LastUpgradeCheck = 0730;
				ORGANIZATIONNAME = NexTed;
				TargetAttributes = {
					A290D1511D35213F0065499D = {
						CreatedOnToolsVersion = 7.3.1;
						DevelopmentTeam = 64P4KU52Q3;
					};
				};
			};
			buildConfigurationList = A290D14D1D35213F0065499D /* Build configuration list for PBXProject "UI001_WordColor" */;
			compatibilityVersion = "Xcode 3.2";
			developmentRegion = English;
			hasScannedForEncodings = 0;
			knownRegions = (
				en,
				Base,
			);
			mainGroup = A290D1491D35213F0065499D;
			productRefGroup = A290D1531D35213F0065499D /* Products */;
			projectDirPath = "";
			projectRoot = "";
			targets = (
				A290D1511D35213F0065499D /* UI001_WordColor */,
			);
		};
/* End PBXProject section */

/* Begin PBXResourcesBuildPhase section */
		A290D1501D35213F0065499D /* Resources */ = {
			isa = PBXResourcesBuildPhase;
			buildActionMask = 2147483647;
			files = (
				A290D16D1D354FE90065499D /* 总结 in Resources */,
				A290D1651D35213F0065499D /* LaunchScreen.storyboard in Resources */,
				A290D1621D35213F0065499D /* Assets.xcassets in Resources */,
				A290D1601D35213F0065499D /* Main.storyboard in Resources */,
			);
			runOnlyForDeploymentPostprocessing = 0;
		};
/* End PBXResourcesBuildPhase section */

/* Begin PBXSourcesBuildPhase section */
		A290D14E1D35213F0065499D /* Sources */ = {
			isa = PBXSourcesBuildPhase;
			buildActionMask = 2147483647;
			files = (
				A290D15D1D35213F0065499D /* ViewController.m in Sources */,
				A290D15A1D35213F0065499D /* AppDelegate.m in Sources */,
				A290D1571D35213F0065499D /* main.m in Sources */,
			);
			runOnlyForDeploymentPostprocessing = 0;
		};
/* End PBXSourcesBuildPhase section */

/* Begin PBXVariantGroup section */
		A290D15E1D35213F0065499D /* Main.storyboard */ = {
			isa = PBXVariantGroup;
			children = (
				A290D15F1D35213F0065499D /* Base */,
			);
			name = Main.storyboard;
			sourceTree = "<group>";
		};
		A290D1631D35213F0065499D /* LaunchScreen.storyboard */ = {
			isa = PBXVariantGroup;
			children = (
				A290D1641D35213F0065499D /* Base */,
			);
			name = LaunchScreen.storyboard;
			sourceTree = "<group>";
		};
/* End PBXVariantGroup section */

/* Begin XCBuildConfiguration section */
		A290D1671D35213F0065499D /* Debug */ = {
			isa = XCBuildConfiguration;
			buildSettings = {
				ALWAYS_SEARCH_USER_PATHS = NO;
				CLANG_ANALYZER_NONNULL = YES;
				CLANG_CXX_LANGUAGE_STANDARD = "gnu++0x";
				CLANG_CXX_LIBRARY = "libc++";
				CLANG_ENABLE_MODULES = YES;
				CLANG_ENABLE_OBJC_ARC = YES;
				CLANG_WARN_BOOL_CONVERSION = YES;
				CLANG_WARN_CONSTANT_CONVERSION = YES;
				CLANG_WARN_DIRECT_OBJC_ISA_USAGE = YES_ERROR;
				CLANG_WARN_EMPTY_BODY = YES;
				CLANG_WARN_ENUM_CONVERSION = YES;
				CLANG_WARN_INT_CONVERSION = YES;
				CLANG_WARN_OBJC_ROOT_CLASS = YES_ERROR;
				CLANG_WARN_UNREACHABLE_CODE = YES;
				CLANG_WARN__DUPLICATE_METHOD_MATCH = YES;
				"CODE_SIGN_IDENTITY[sdk=iphoneos*]" = "iPhone Developer";
				COPY_PHASE_STRIP = NO;
				DEBUG_INFORMATION_FORMAT = dwarf;
				ENABLE_STRICT_OBJC_MSGSEND = YES;
				ENABLE_TESTABILITY = YES;
				GCC_C_LANGUAGE_STANDARD = gnu99;
				GCC_DYNAMIC_NO_PIC = NO;
				GCC_NO_COMMON_BLOCKS = YES;
				GCC_OPTIMIZATION_LEVEL = 0;
				GCC_PREPROCESSOR_DEFINITIONS = (
					"DEBUG=1",
					"$(inherited)",
				);
				GCC_WARN_64_TO_32_BIT_CONVERSION = YES;
				GCC_WARN_ABOUT_RETURN_TYPE = YES_ERROR;
				GCC_WARN_UNDECLARED_SELECTOR = YES;
				GCC_WARN_UNINITIALIZED_AUTOS = YES_AGGRESSIVE;
				GCC_WARN_UNUSED_FUNCTION = YES;
				GCC_WARN_UNUSED_VARIABLE = YES;
				IPHONEOS_DEPLOYMENT_TARGET = 9.3;
				MTL_ENABLE_DEBUG_INFO = YES;
				ONLY_ACTIVE_ARCH = YES;
				SDKROOT = iphoneos;
			};
			name = Debug;
		};
		A290D1681D35213F0065499D /* Release */ = {
			isa = XCBuildConfiguration;
			buildSettings = {
				ALWAYS_SEARCH_USER_PATHS = NO;
				CLANG_ANALYZER_NONNULL = YES;
				CLANG_CXX_LANGUAGE_STANDARD = "gnu++0x";
				CLANG_CXX_LIBRARY = "libc++";
				CLANG_ENABLE_MODULES = YES;
				CLANG_ENABLE_OBJC_ARC = YES;
				CLANG_WARN_BOOL_CONVERSION = YES;
				CLANG_WARN_CONSTANT_CONVERSION = YES;
				CLANG_WARN_DIRECT_OBJC_ISA_USAGE = YES_ERROR;
				CLANG_WARN_EMPTY_BODY = YES;
				CLANG_WARN_ENUM_CONVERSION = YES;
				CLANG_WARN_INT_CONVERSION = YES;
				CLANG_WARN_OBJC_ROOT_CLASS = YES_ERROR;
				CLANG_WARN_UNREACHABLE_CODE = YES;
				CLANG_WARN__DUPLICATE_METHOD_MATCH = YES;
				"CODE_SIGN_IDENTITY[sdk=iphoneos*]" = "iPhone Developer";
				COPY_PHASE_STRIP = NO;
				DEBUG_INFORMATION_FORMAT = "dwarf-with-dsym";
				ENABLE_NS_ASSERTIONS = NO;
				ENABLE_STRICT_OBJC_MSGSEND = YES;
				GCC_C_LANGUAGE_STANDARD = gnu99;
				GCC_NO_COMMON_BLOCKS = YES;
				GCC_WARN_64_TO_32_BIT_CONVERSION = YES;
				GCC_WARN_ABOUT_RETURN_TYPE = YES_ERROR;
				GCC_WARN_UNDECLARED_SELECTOR = YES;
				GCC_WARN_UNINITIALIZED_AUTOS = YES_AGGRESSIVE;
				GCC_WARN_UNUSED_FUNCTION = YES;
				GCC_WARN_UNUSED_VARIABLE = YES;
				IPHONEOS_DEPLOYMENT_TARGET = 9.3;
				MTL_ENABLE_DEBUG_INFO = NO;
				SDKROOT = iphoneos;
				VALIDATE_PRODUCT = YES;
			};
			name = Release;
		};
		A290D16A1D35213F0065499D /* Debug */ = {
			isa = XCBuildConfiguration;
			buildSettings = {
				ASSETCATALOG_COMPILER_APPICON_NAME = AppIcon;
				CODE_SIGN_IDENTITY = "iPhone Developer";
				INFOPLIST_FILE = UI001_WordColor/Info.plist;
				LD_RUNPATH_SEARCH_PATHS = "$(inherited) @executable_path/Frameworks";
				PRODUCT_BUNDLE_IDENTIFIER = "com.nexted.guibs.UI001-WordColor";
				PRODUCT_NAME = "$(TARGET_NAME)";
			};
			name = Debug;
		};
		A290D16B1D35213F0065499D /* Release */ = {
			isa = XCBuildConfiguration;
			buildSettings = {
				ASSETCATALOG_COMPILER_APPICON_NAME = AppIcon;
				CODE_SIGN_IDENTITY = "iPhone Developer";
				INFOPLIST_FILE = UI001_WordColor/Info.plist;
				LD_RUNPATH_SEARCH_PATHS = "$(inherited) @executable_path/Frameworks";
				PRODUCT_BUNDLE_IDENTIFIER = "com.nexted.guibs.UI001-WordColor";
				PRODUCT_NAME = "$(TARGET_NAME)";
			};
			name = Release;
		};
/* End XCBuildConfiguration section */

/* Begin XCConfigurationList section */
		A290D14D1D35213F0065499D /* Build configuration list for PBXProject "UI001_WordColor" */ = {
			isa = XCConfigurationList;
			buildConfigurations = (
				A290D1671D35213F0065499D /* Debug */,
				A290D1681D35213F0065499D /* Release */,
			);
			defaultConfigurationIsVisible = 0;
			defaultConfigurationName = Release;
		};
		A290D1691D35213F0065499D /* Build configuration list for PBXNativeTarget "UI001_WordColor" */ = {
			isa = XCConfigurationList;
			buildConfigurations = (
				A290D16A1D35213F0065499D /* Debug */,
				A290D16B1D35213F0065499D /* Release */,
			);
			defaultConfigurationIsVisible = 0;
		};
/* End XCConfigurationList section */
	};
	rootObject = A290D14A1D35213F0065499D /* Project object */;
}
