// !$*UTF8*$!
{
	archiveVersion = 1;
	classes = {
	};
	objectVersion = 46;
	objects = {

/* Begin PBXBuildFile section */
		05EC72881D3B77E2001056F1 /* main.m in Sources */ = {isa = PBXBuildFile; fileRef = 05EC72871D3B77E2001056F1 /* main.m */; };
		05EC728B1D3B77E2001056F1 /* AppDelegate.m in Sources */ = {isa = PBXBuildFile; fileRef = 05EC728A1D3B77E2001056F1 /* AppDelegate.m */; };
		05EC728E1D3B77E2001056F1 /* ViewController.m in Sources */ = {isa = PBXBuildFile; fileRef = 05EC728D1D3B77E2001056F1 /* ViewController.m */; };
		05EC72911D3B77E2001056F1 /* Main.storyboard in Resources */ = {isa = PBXBuildFile; fileRef = 05EC728F1D3B77E2001056F1 /* Main.storyboard */; };
		05EC72931D3B77E2001056F1 /* Assets.xcassets in Resources */ = {isa = PBXBuildFile; fileRef = 05EC72921D3B77E2001056F1 /* Assets.xcassets */; };
		05EC72961D3B77E2001056F1 /* LaunchScreen.storyboard in Resources */ = {isa = PBXBuildFile; fileRef = 05EC72941D3B77E2001056F1 /* LaunchScreen.storyboard */; };
		05EC729E1D3B782A001056F1 /* 总结 in Resources */ = {isa = PBXBuildFile; fileRef = 05EC729D1D3B782A001056F1 /* 总结 */; };
/* End PBXBuildFile section */

/* Begin PBXFileReference section */
		05EC72831D3B77E2001056F1 /* UI006_UIScrollView_代理.app */ = {isa = PBXFileReference; explicitFileType = wrapper.application; includeInIndex = 0; path = "UI006_UIScrollView_代理.app"; sourceTree = BUILT_PRODUCTS_DIR; };
		05EC72871D3B77E2001056F1 /* main.m */ = {isa = PBXFileReference; lastKnownFileType = sourcecode.c.objc; path = main.m; sourceTree = "<group>"; };
		05EC72891D3B77E2001056F1 /* AppDelegate.h */ = {isa = PBXFileReference; lastKnownFileType = sourcecode.c.h; path = AppDelegate.h; sourceTree = "<group>"; };
		05EC728A1D3B77E2001056F1 /* AppDelegate.m */ = {isa = PBXFileReference; lastKnownFileType = sourcecode.c.objc; path = AppDelegate.m; sourceTree = "<group>"; };
		05EC728C1D3B77E2001056F1 /* ViewController.h */ = {isa = PBXFileReference; lastKnownFileType = sourcecode.c.h; path = ViewController.h; sourceTree = "<group>"; };
		05EC728D1D3B77E2001056F1 /* ViewController.m */ = {isa = PBXFileReference; lastKnownFileType = sourcecode.c.objc; path = ViewController.m; sourceTree = "<group>"; };
		05EC72901D3B77E2001056F1 /* Base */ = {isa = PBXFileReference; lastKnownFileType = file.storyboard; name = Base; path = Base.lproj/Main.storyboard; sourceTree = "<group>"; };
		05EC72921D3B77E2001056F1 /* Assets.xcassets */ = {isa = PBXFileReference; lastKnownFileType = folder.assetcatalog; path = Assets.xcassets; sourceTree = "<group>"; };
		05EC72951D3B77E2001056F1 /* Base */ = {isa = PBXFileReference; lastKnownFileType = file.storyboard; name = Base; path = Base.lproj/LaunchScreen.storyboard; sourceTree = "<group>"; };
		05EC72971D3B77E2001056F1 /* Info.plist */ = {isa = PBXFileReference; lastKnownFileType = text.plist.xml; path = Info.plist; sourceTree = "<group>"; };
		05EC729D1D3B782A001056F1 /* 总结 */ = {isa = PBXFileReference; fileEncoding = 4; lastKnownFileType = text; path = "总结"; sourceTree = "<group>"; };
/* End PBXFileReference section */

/* Begin PBXFrameworksBuildPhase section */
		05EC72801D3B77E2001056F1 /* Frameworks */ = {
			isa = PBXFrameworksBuildPhase;
			buildActionMask = 2147483647;
			files = (
			);
			runOnlyForDeploymentPostprocessing = 0;
		};
/* End PBXFrameworksBuildPhase section */

/* Begin PBXGroup section */
		05EC727A1D3B77E2001056F1 = {
			isa = PBXGroup;
			children = (
				05EC729D1D3B782A001056F1 /* 总结 */,
				05EC72851D3B77E2001056F1 /* UI006_UIScrollView_代理 */,
				05EC72841D3B77E2001056F1 /* Products */,
			);
			sourceTree = "<group>";
		};
		05EC72841D3B77E2001056F1 /* Products */ = {
			isa = PBXGroup;
			children = (
				05EC72831D3B77E2001056F1 /* UI006_UIScrollView_代理.app */,
			);
			name = Products;
			sourceTree = "<group>";
		};
		05EC72851D3B77E2001056F1 /* UI006_UIScrollView_代理 */ = {
			isa = PBXGroup;
			children = (
				05EC72891D3B77E2001056F1 /* AppDelegate.h */,
				05EC728A1D3B77E2001056F1 /* AppDelegate.m */,
				05EC728C1D3B77E2001056F1 /* ViewController.h */,
				05EC728D1D3B77E2001056F1 /* ViewController.m */,
				05EC728F1D3B77E2001056F1 /* Main.storyboard */,
				05EC72921D3B77E2001056F1 /* Assets.xcassets */,
				05EC72941D3B77E2001056F1 /* LaunchScreen.storyboard */,
				05EC72971D3B77E2001056F1 /* Info.plist */,
				05EC72861D3B77E2001056F1 /* Supporting Files */,
			);
			path = "UI006_UIScrollView_代理";
			sourceTree = "<group>";
		};
		05EC72861D3B77E2001056F1 /* Supporting Files */ = {
			isa = PBXGroup;
			children = (
				05EC72871D3B77E2001056F1 /* main.m */,
			);
			name = "Supporting Files";
			sourceTree = "<group>";
		};
/* End PBXGroup section */

/* Begin PBXNativeTarget section */
		05EC72821D3B77E2001056F1 /* UI006_UIScrollView_代理 */ = {
			isa = PBXNativeTarget;
			buildConfigurationList = 05EC729A1D3B77E2001056F1 /* Build configuration list for PBXNativeTarget "UI006_UIScrollView_代理" */;
			buildPhases = (
				05EC727F1D3B77E2001056F1 /* Sources */,
				05EC72801D3B77E2001056F1 /* Frameworks */,
				05EC72811D3B77E2001056F1 /* Resources */,
			);
			buildRules = (
			);
			dependencies = (
			);
			name = "UI006_UIScrollView_代理";
			productName = "UI006_UIScrollView_代理";
			productReference = 05EC72831D3B77E2001056F1 /* UI006_UIScrollView_代理.app */;
			productType = "com.apple.product-type.application";
		};
/* End PBXNativeTarget section */

/* Begin PBXProject section */
		05EC727B1D3B77E2001056F1 /* Project object */ = {
			isa = PBXProject;
			attributes = {
				LastUpgradeCheck = 0730;
				ORGANIZATIONNAME = Guibs;
				TargetAttributes = {
					05EC72821D3B77E2001056F1 = {
						CreatedOnToolsVersion = 7.3.1;
					};
				};
			};
			buildConfigurationList = 05EC727E1D3B77E2001056F1 /* Build configuration list for PBXProject "UI006_UIScrollView_代理" */;
			compatibilityVersion = "Xcode 3.2";
			developmentRegion = English;
			hasScannedForEncodings = 0;
			knownRegions = (
				en,
				Base,
			);
			mainGroup = 05EC727A1D3B77E2001056F1;
			productRefGroup = 05EC72841D3B77E2001056F1 /* Products */;
			projectDirPath = "";
			projectRoot = "";
			targets = (
				05EC72821D3B77E2001056F1 /* UI006_UIScrollView_代理 */,
			);
		};
/* End PBXProject section */

/* Begin PBXResourcesBuildPhase section */
		05EC72811D3B77E2001056F1 /* Resources */ = {
			isa = PBXResourcesBuildPhase;
			buildActionMask = 2147483647;
			files = (
				05EC729E1D3B782A001056F1 /* 总结 in Resources */,
				05EC72961D3B77E2001056F1 /* LaunchScreen.storyboard in Resources */,
				05EC72931D3B77E2001056F1 /* Assets.xcassets in Resources */,
				05EC72911D3B77E2001056F1 /* Main.storyboard in Resources */,
			);
			runOnlyForDeploymentPostprocessing = 0;
		};
/* End PBXResourcesBuildPhase section */

/* Begin PBXSourcesBuildPhase section */
		05EC727F1D3B77E2001056F1 /* Sources */ = {
			isa = PBXSourcesBuildPhase;
			buildActionMask = 2147483647;
			files = (
				05EC728E1D3B77E2001056F1 /* ViewController.m in Sources */,
				05EC728B1D3B77E2001056F1 /* AppDelegate.m in Sources */,
				05EC72881D3B77E2001056F1 /* main.m in Sources */,
			);
			runOnlyForDeploymentPostprocessing = 0;
		};
/* End PBXSourcesBuildPhase section */

/* Begin PBXVariantGroup section */
		05EC728F1D3B77E2001056F1 /* Main.storyboard */ = {
			isa = PBXVariantGroup;
			children = (
				05EC72901D3B77E2001056F1 /* Base */,
			);
			name = Main.storyboard;
			sourceTree = "<group>";
		};
		05EC72941D3B77E2001056F1 /* LaunchScreen.storyboard */ = {
			isa = PBXVariantGroup;
			children = (
				05EC72951D3B77E2001056F1 /* Base */,
			);
			name = LaunchScreen.storyboard;
			sourceTree = "<group>";
		};
/* End PBXVariantGroup section */

/* Begin XCBuildConfiguration section */
		05EC72981D3B77E2001056F1 /* Debug */ = {
			isa = XCBuildConfiguration;
			buildSettings = {
				ALWAYS_SEARCH_USER_PATHS = NO;
				CLANG_ANALYZER_NONNULL = YES;
				CLANG_CXX_LANGUAGE_STANDARD = "gnu++0x";
				CLANG_CXX_LIBRARY = "libc++";
				CLANG_ENABLE_MODULES = YES;
				CLANG_ENABLE_OBJC_ARC = YES;
				CLANG_WARN_BOOL_CONVERSION = YES;
				CLANG_WARN_CONSTANT_CONVERSION = YES;
				CLANG_WARN_DIRECT_OBJC_ISA_USAGE = YES_ERROR;
				CLANG_WARN_EMPTY_BODY = YES;
				CLANG_WARN_ENUM_CONVERSION = YES;
				CLANG_WARN_INT_CONVERSION = YES;
				CLANG_WARN_OBJC_ROOT_CLASS = YES_ERROR;
				CLANG_WARN_UNREACHABLE_CODE = YES;
				CLANG_WARN__DUPLICATE_METHOD_MATCH = YES;
				"CODE_SIGN_IDENTITY[sdk=iphoneos*]" = "iPhone Developer";
				COPY_PHASE_STRIP = NO;
				DEBUG_INFORMATION_FORMAT = dwarf;
				ENABLE_STRICT_OBJC_MSGSEND = YES;
				ENABLE_TESTABILITY = YES;
				GCC_C_LANGUAGE_STANDARD = gnu99;
				GCC_DYNAMIC_NO_PIC = NO;
				GCC_NO_COMMON_BLOCKS = YES;
				GCC_OPTIMIZATION_LEVEL = 0;
				GCC_PREPROCESSOR_DEFINITIONS = (
					"DEBUG=1",
					"$(inherited)",
				);
				GCC_WARN_64_TO_32_BIT_CONVERSION = YES;
				GCC_WARN_ABOUT_RETURN_TYPE = YES_ERROR;
				GCC_WARN_UNDECLARED_SELECTOR = YES;
				GCC_WARN_UNINITIALIZED_AUTOS = YES_AGGRESSIVE;
				GCC_WARN_UNUSED_FUNCTION = YES;
				GCC_WARN_UNUSED_VARIABLE = YES;
				IPHONEOS_DEPLOYMENT_TARGET = 9.3;
				MTL_ENABLE_DEBUG_INFO = YES;
				ONLY_ACTIVE_ARCH = YES;
				SDKROOT = iphoneos;
			};
			name = Debug;
		};
		05EC72991D3B77E2001056F1 /* Release */ = {
			isa = XCBuildConfiguration;
			buildSettings = {
				ALWAYS_SEARCH_USER_PATHS = NO;
				CLANG_ANALYZER_NONNULL = YES;
				CLANG_CXX_LANGUAGE_STANDARD = "gnu++0x";
				CLANG_CXX_LIBRARY = "libc++";
				CLANG_ENABLE_MODULES = YES;
				CLANG_ENABLE_OBJC_ARC = YES;
				CLANG_WARN_BOOL_CONVERSION = YES;
				CLANG_WARN_CONSTANT_CONVERSION = YES;
				CLANG_WARN_DIRECT_OBJC_ISA_USAGE = YES_ERROR;
				CLANG_WARN_EMPTY_BODY = YES;
				CLANG_WARN_ENUM_CONVERSION = YES;
				CLANG_WARN_INT_CONVERSION = YES;
				CLANG_WARN_OBJC_ROOT_CLASS = YES_ERROR;
				CLANG_WARN_UNREACHABLE_CODE = YES;
				CLANG_WARN__DUPLICATE_METHOD_MATCH = YES;
				"CODE_SIGN_IDENTITY[sdk=iphoneos*]" = "iPhone Developer";
				COPY_PHASE_STRIP = NO;
				DEBUG_INFORMATION_FORMAT = "dwarf-with-dsym";
				ENABLE_NS_ASSERTIONS = NO;
				ENABLE_STRICT_OBJC_MSGSEND = YES;
				GCC_C_LANGUAGE_STANDARD = gnu99;
				GCC_NO_COMMON_BLOCKS = YES;
				GCC_WARN_64_TO_32_BIT_CONVERSION = YES;
				GCC_WARN_ABOUT_RETURN_TYPE = YES_ERROR;
				GCC_WARN_UNDECLARED_SELECTOR = YES;
				GCC_WARN_UNINITIALIZED_AUTOS = YES_AGGRESSIVE;
				GCC_WARN_UNUSED_FUNCTION = YES;
				GCC_WARN_UNUSED_VARIABLE = YES;
				IPHONEOS_DEPLOYMENT_TARGET = 9.3;
				MTL_ENABLE_DEBUG_INFO = NO;
				SDKROOT = iphoneos;
				VALIDATE_PRODUCT = YES;
			};
			name = Release;
		};
		05EC729B1D3B77E2001056F1 /* Debug */ = {
			isa = XCBuildConfiguration;
			buildSettings = {
				ASSETCATALOG_COMPILER_APPICON_NAME = AppIcon;
				INFOPLIST_FILE = "UI006_UIScrollView_代理/Info.plist";
				LD_RUNPATH_SEARCH_PATHS = "$(inherited) @executable_path/Frameworks";
				PRODUCT_BUNDLE_IDENTIFIER = "NexTed.UI006-UIScrollView---";
				PRODUCT_NAME = "$(TARGET_NAME)";
			};
			name = Debug;
		};
		05EC729C1D3B77E2001056F1 /* Release */ = {
			isa = XCBuildConfiguration;
			buildSettings = {
				ASSETCATALOG_COMPILER_APPICON_NAME = AppIcon;
				INFOPLIST_FILE = "UI006_UIScrollView_代理/Info.plist";
				LD_RUNPATH_SEARCH_PATHS = "$(inherited) @executable_path/Frameworks";
				PRODUCT_BUNDLE_IDENTIFIER = "NexTed.UI006-UIScrollView---";
				PRODUCT_NAME = "$(TARGET_NAME)";
			};
			name = Release;
		};
/* End XCBuildConfiguration section */

/* Begin XCConfigurationList section */
		05EC727E1D3B77E2001056F1 /* Build configuration list for PBXProject "UI006_UIScrollView_代理" */ = {
			isa = XCConfigurationList;
			buildConfigurations = (
				05EC72981D3B77E2001056F1 /* Debug */,
				05EC72991D3B77E2001056F1 /* Release */,
			);
			defaultConfigurationIsVisible = 0;
			defaultConfigurationName = Release;
		};
		05EC729A1D3B77E2001056F1 /* Build configuration list for PBXNativeTarget "UI006_UIScrollView_代理" */ = {
			isa = XCConfigurationList;
			buildConfigurations = (
				05EC729B1D3B77E2001056F1 /* Debug */,
				05EC729C1D3B77E2001056F1 /* Release */,
			);
			defaultConfigurationIsVisible = 0;
		};
/* End XCConfigurationList section */
	};
	rootObject = 05EC727B1D3B77E2001056F1 /* Project object */;
}
